{
  "requires": true,
  "lockfileVersion": 1,
  "dependencies": {
    "deck-of-cards": {
      "version": "0.1.8",
      "resolved": "https://registry.npmjs.org/deck-of-cards/-/deck-of-cards-0.1.8.tgz",
      "integrity": "sha1-spJEzBf9GaBONY1P35XRSAJuedI="
    },
    "pokersolver": {
      "version": "2.1.3",
      "resolved": "https://registry.npmjs.org/pokersolver/-/pokersolver-2.1.3.tgz",
      "integrity": "sha512-9F9ip1X9SjXhoRBnJy356NDyn1tJ9CLSUTl6hur0TNO1vEhN4bggnb84KnnKrSSm4EJz8XCBtVnfNlUKm7NPUg=="
    }
  }
}
